PODS:
  - flutter_qjs (0.0.1):
    - FlutterMacOS
  - FlutterMacOS (1.0.0)

DEPENDENCIES:
  - flutter_qjs (from `Flutter/ephemeral/.symlinks/plugins/flutter_qjs/macos`)
  - FlutterMacOS (from `Flutter/ephemeral`)

EXTERNAL SOURCES:
  flutter_qjs:
    :path: Flutter/ephemeral/.symlinks/plugins/flutter_qjs/macos
  FlutterMacOS:
    :path: Flutter/ephemeral

SPEC CHECKSUMS:
  flutter_qjs: cb2d0cba9deade1d03b89f6c432eac126f39482a
  FlutterMacOS: 8f6f14fa908a6fb3fba0cd85dbd81ec4b251fb24

PODFILE CHECKSUM: 04eac10c7affb1657dcf13c5a1d4bdf5987e087c

COCOAPODS: 1.16.2
